
Microsoft Visual Studio Solution File, Format Version 12.00
# Visual Studio 15
VisualStudioVersion = 15.0.27004.2002
MinimumVisualStudioVersion = 10.0.40219.1
Project("{9A19103F-16F7-4668-BE54-9A1E7A4F7556}") = "Blogifier.Net", "Blogifier.Net.csproj", "{535C67EA-67AF-4169-B3F4-2EA7A4564545}"
EndProject
Global
	GlobalSection(SolutionConfigurationPlatforms) = preSolution
		Debug|Any CPU = Debug|Any CPU
		Release|Any CPU = Release|Any CPU
	EndGlobalSection
	GlobalSection(ProjectConfigurationPlatforms) = postSolution
		{535C67EA-67AF-4169-B3F4-2EA7A4564545}.Debug|Any CPU.ActiveCfg = Debug|Any CPU
		{535C67EA-67AF-4169-B3F4-2EA7A4564545}.Debug|Any CPU.Build.0 = Debug|Any CPU
		{535C67EA-67AF-4169-B3F4-2EA7A4564545}.Release|Any CPU.ActiveCfg = Release|Any CPU
		{535C67EA-67AF-4169-B3F4-2EA7A4564545}.Release|Any CPU.Build.0 = Release|Any CPU
	EndGlobalSection
	GlobalSection(SolutionProperties) = preSolution
		HideSolutionNode = FALSE
	EndGlobalSection
	GlobalSection(ExtensibilityGlobals) = postSolution
		SolutionGuid = {A71B476A-7BEF-4B0E-B24D-37E4A5B41311}
	EndGlobalSection
EndGlobal
